
Microsoft Visual Studio Solution File, Format Version 12.00
# Visual Studio Version 17
VisualStudioVersion = 17.14.36623.8
MinimumVisualStudioVersion = 10.0.40219.1
Project("{2150E333-8FDC-42A3-9474-1A3956D46DE8}") = "Chapter00", "Chapter00", "{DDB4EF12-CC4E-5E88-E6FC-71A802F4DE97}"
EndProject
Project("{FAE04EC0-301F-11D3-BF4B-00C04F79EFBC}") = "Sample0416", "Chapter00\Sample0416\Sample0416.csproj", "{71083A19-0194-4DC9-A5B1-E044E359A1DD}"
EndProject
Project("{FAE04EC0-301F-11D3-BF4B-00C04F79EFBC}") = "Sample0415", "Chapter00\Sample0415\Sample0415\Sample0415.csproj", "{D0F00D84-AD20-C5D6-67FE-85D6CB59A7CE}"
EndProject
Project("{FAE04EC0-301F-11D3-BF4B-00C04F79EFBC}") = "Sample0413", "Chapter00\Sample0413\Sample0413\Sample0413.csproj", "{EB11C1AF-3BBE-9D8B-B13B-CEF382F22312}"
EndProject
Project("{2150E333-8FDC-42A3-9474-1A3956D46DE8}") = "Chapter01", "Chapter01", "{8B1DCE08-C9E9-4B3D-BDEF-B8C9BCA111BE}"
EndProject
Project("{2150E333-8FDC-42A3-9474-1A3956D46DE8}") = "Chapter02", "Chapter02", "{1BE419A4-EF62-4706-83F4-D025B6FECAFC}"
EndProject
Project("{2150E333-8FDC-42A3-9474-1A3956D46DE8}") = "距離換算プログラム", "距離換算プログラム", "{105A23F8-0C15-4766-931A-0E54C3592FF0}"
EndProject
Project("{FAE04EC0-301F-11D3-BF4B-00C04F79EFBC}") = "DistanceConverter", "Chapter02\距離換算プログラム\DistanceConverter\DistanceConverter.csproj", "{A13DF9C4-2B2B-47F2-AFCC-FB1DB53862DC}"
EndProject
Project("{2150E333-8FDC-42A3-9474-1A3956D46DE8}") = "Chapter04", "Chapter04", "{D6B10BCB-D324-4E8D-A7C0-CFA6F1B6A09B}"
	ProjectSection(SolutionItems) = preProject
		Chapter03\演習問題\Exercise01\Program.cs = Chapter03\演習問題\Exercise01\Program.cs
	EndProjectSection
EndProject
Project("{2150E333-8FDC-42A3-9474-1A3956D46DE8}") = "P108_文字列を数値に変換", "P108_文字列を数値に変換", "{4B5B95DA-4EFB-4347-BB0F-00F59BA95D11}"
EndProject
Project("{FAE04EC0-301F-11D3-BF4B-00C04F79EFBC}") = "Code4_36", "Chapter04\文字列を数値に変換する\Code4_36\Code4_36.csproj", "{D9D49519-9F52-4743-85A5-8E7063EAC98F}"
EndProject
Project("{2150E333-8FDC-42A3-9474-1A3956D46DE8}") = "売上集計プログラム", "売上集計プログラム", "{65421FBE-F797-4ABC-8FB2-70864A82F82A}"
EndProject
Project("{FAE04EC0-301F-11D3-BF4B-00C04F79EFBC}") = "SalesCalculator", "Chapter02\売上集計プログラム\SalesCalculator\SalesCalculator.csproj", "{683ED8A8-6516-42E9-9FDF-A8814700EB98}"
EndProject
Project("{2150E333-8FDC-42A3-9474-1A3956D46DE8}") = "演習問題", "演習問題", "{66AAB29B-0BB2-4E41-9F13-2A22E8CF1CDB}"
EndProject
Project("{FAE04EC0-301F-11D3-BF4B-00C04F79EFBC}") = "Exercise01", "Chapter02\演習問題\Exercise01\Exercise01.csproj", "{D3436AAA-53E0-4954-9332-A2C272E09488}"
EndProject
Project("{FAE04EC0-301F-11D3-BF4B-00C04F79EFBC}") = "Exercise02", "Chapter02\演習問題\Exercise02\Exercise02.csproj", "{3CBA3FAE-5C91-422D-AB2A-33CD6FA7EB47}"
EndProject
Project("{2150E333-8FDC-42A3-9474-1A3956D46DE8}") = "Chapter03", "Chapter03", "{FD7A0706-279D-457B-BA67-1993E58B81F1}"
EndProject
Project("{2150E333-8FDC-42A3-9474-1A3956D46DE8}") = "ラムダ式とLINQ", "ラムダ式とLINQ", "{9973A53F-B3D7-4F1B-8486-AA48C2DDD9AB}"
EndProject
Project("{FAE04EC0-301F-11D3-BF4B-00C04F79EFBC}") = "Section01", "Chapter03\ラムダ式とLINQ\Section01\Section01.csproj", "{6A4E3187-D829-410E-B864-3E8AF43D6FAE}"
EndProject
Project("{FAE04EC0-301F-11D3-BF4B-00C04F79EFBC}") = "Section04", "Chapter03\ラムダ式とLINQ\Section02\Section04.csproj", "{F8B0C52B-C7F9-4A2A-A971-4C47A2636237}"
EndProject
Project("{2150E333-8FDC-42A3-9474-1A3956D46DE8}") = "演習問題", "演習問題", "{296B2596-F0B7-4187-8EBA-2CECAABC078D}"
EndProject
Project("{FAE04EC0-301F-11D3-BF4B-00C04F79EFBC}") = "Exercise01", "Chapter03\演習問題\Exercise01\Exercise01.csproj", "{2A53D6FE-BEF2-4C1F-80F2-126F3B09144D}"
EndProject
Project("{FAE04EC0-301F-11D3-BF4B-00C04F79EFBC}") = "Exercise02", "Chapter03\演習問題\Exercise02\Exercise02.csproj", "{9661600F-9E2E-EC39-AFA2-64DBC15CE967}"
EndProject
Project("{2150E333-8FDC-42A3-9474-1A3956D46DE8}") = "P098_nullに関するイディオム", "P098_nullに関するイディオム", "{1857E6CD-57F0-4DAA-A1EA-4FF22DCD6421}"
EndProject
Project("{FAE04EC0-301F-11D3-BF4B-00C04F79EFBC}") = "Section04", "Chapter04\nullに関するイディオム\Section04\Section04.csproj", "{A51755A8-2DB1-4D7E-86DB-EA4CA60C63DF}"
EndProject
Project("{2150E333-8FDC-42A3-9474-1A3956D46DE8}") = "演習問題", "演習問題", "{9426D404-B308-42AA-9432-8344AE63BA06}"
EndProject
Project("{FAE04EC0-301F-11D3-BF4B-00C04F79EFBC}") = "Exercise01", "Chapter04\演習問題\Exercise01\Exercise01.csproj", "{C99643C5-12BB-4308-9FFC-F30E69F79DA6}"
EndProject
Project("{FAE04EC0-301F-11D3-BF4B-00C04F79EFBC}") = "Exercise02", "Chapter04\演習問題\Exercise02\Exercise02\Exercise02.csproj", "{A6397A64-9AEA-C976-C282-F05046F2AA1C}"
EndProject
Project("{2150E333-8FDC-42A3-9474-1A3956D46DE8}") = "Chapter05", "Chapter05", "{81D1875F-1730-449F-A40C-570BB6F9BB56}"
EndProject
Project("{2150E333-8FDC-42A3-9474-1A3956D46DE8}") = "プロパティに関するイディオム", "プロパティに関するイディオム", "{6B27ECD1-FF53-481B-95E7-FD2BA8F13E85}"
EndProject
Project("{FAE04EC0-301F-11D3-BF4B-00C04F79EFBC}") = "Section01", "Chapter05\プロパティに関するイディオム\Section01\Section01.csproj", "{8DC0F14A-AC4F-45C3-9FC0-5C20C40A7C2F}"
EndProject
Project("{2150E333-8FDC-42A3-9474-1A3956D46DE8}") = "メソッドに関するイディオム", "メソッドに関するイディオム", "{0AB609CE-12AE-4070-98A4-76054F1BA805}"
EndProject
Project("{FAE04EC0-301F-11D3-BF4B-00C04F79EFBC}") = "Section02", "Chapter05\メソッドに関するイディオム\Section02\Section02.csproj", "{40B57525-65E4-49C7-83E1-65474D5D5F24}"
EndProject
Global
	GlobalSection(SolutionConfigurationPlatforms) = preSolution
		Debug|Any CPU = Debug|Any CPU
		Release|Any CPU = Release|Any CPU
	EndGlobalSection
	GlobalSection(ProjectConfigurationPlatforms) = postSolution
		{71083A19-0194-4DC9-A5B1-E044E359A1DD}.Debug|Any CPU.ActiveCfg = Debug|Any CPU
		{71083A19-0194-4DC9-A5B1-E044E359A1DD}.Debug|Any CPU.Build.0 = Debug|Any CPU
		{71083A19-0194-4DC9-A5B1-E044E359A1DD}.Release|Any CPU.ActiveCfg = Release|Any CPU
		{71083A19-0194-4DC9-A5B1-E044E359A1DD}.Release|Any CPU.Build.0 = Release|Any CPU
		{D0F00D84-AD20-C5D6-67FE-85D6CB59A7CE}.Debug|Any CPU.ActiveCfg = Debug|Any CPU
		{D0F00D84-AD20-C5D6-67FE-85D6CB59A7CE}.Debug|Any CPU.Build.0 = Debug|Any CPU
		{D0F00D84-AD20-C5D6-67FE-85D6CB59A7CE}.Release|Any CPU.ActiveCfg = Release|Any CPU
		{D0F00D84-AD20-C5D6-67FE-85D6CB59A7CE}.Release|Any CPU.Build.0 = Release|Any CPU
		{EB11C1AF-3BBE-9D8B-B13B-CEF382F22312}.Debug|Any CPU.ActiveCfg = Debug|Any CPU
		{EB11C1AF-3BBE-9D8B-B13B-CEF382F22312}.Debug|Any CPU.Build.0 = Debug|Any CPU
		{EB11C1AF-3BBE-9D8B-B13B-CEF382F22312}.Release|Any CPU.ActiveCfg = Release|Any CPU
		{EB11C1AF-3BBE-9D8B-B13B-CEF382F22312}.Release|Any CPU.Build.0 = Release|Any CPU
		{A13DF9C4-2B2B-47F2-AFCC-FB1DB53862DC}.Debug|Any CPU.ActiveCfg = Debug|Any CPU
		{A13DF9C4-2B2B-47F2-AFCC-FB1DB53862DC}.Debug|Any CPU.Build.0 = Debug|Any CPU
		{A13DF9C4-2B2B-47F2-AFCC-FB1DB53862DC}.Release|Any CPU.ActiveCfg = Release|Any CPU
		{A13DF9C4-2B2B-47F2-AFCC-FB1DB53862DC}.Release|Any CPU.Build.0 = Release|Any CPU
		{D9D49519-9F52-4743-85A5-8E7063EAC98F}.Debug|Any CPU.ActiveCfg = Debug|Any CPU
		{D9D49519-9F52-4743-85A5-8E7063EAC98F}.Debug|Any CPU.Build.0 = Debug|Any CPU
		{D9D49519-9F52-4743-85A5-8E7063EAC98F}.Release|Any CPU.ActiveCfg = Release|Any CPU
		{D9D49519-9F52-4743-85A5-8E7063EAC98F}.Release|Any CPU.Build.0 = Release|Any CPU
		{683ED8A8-6516-42E9-9FDF-A8814700EB98}.Debug|Any CPU.ActiveCfg = Debug|Any CPU
		{683ED8A8-6516-42E9-9FDF-A8814700EB98}.Debug|Any CPU.Build.0 = Debug|Any CPU
		{683ED8A8-6516-42E9-9FDF-A8814700EB98}.Release|Any CPU.ActiveCfg = Release|Any CPU
		{683ED8A8-6516-42E9-9FDF-A8814700EB98}.Release|Any CPU.Build.0 = Release|Any CPU
		{D3436AAA-53E0-4954-9332-A2C272E09488}.Debug|Any CPU.ActiveCfg = Debug|Any CPU
		{D3436AAA-53E0-4954-9332-A2C272E09488}.Debug|Any CPU.Build.0 = Debug|Any CPU
		{D3436AAA-53E0-4954-9332-A2C272E09488}.Release|Any CPU.ActiveCfg = Release|Any CPU
		{D3436AAA-53E0-4954-9332-A2C272E09488}.Release|Any CPU.Build.0 = Release|Any CPU
		{3CBA3FAE-5C91-422D-AB2A-33CD6FA7EB47}.Debug|Any CPU.ActiveCfg = Debug|Any CPU
		{3CBA3FAE-5C91-422D-AB2A-33CD6FA7EB47}.Debug|Any CPU.Build.0 = Debug|Any CPU
		{3CBA3FAE-5C91-422D-AB2A-33CD6FA7EB47}.Release|Any CPU.ActiveCfg = Release|Any CPU
		{3CBA3FAE-5C91-422D-AB2A-33CD6FA7EB47}.Release|Any CPU.Build.0 = Release|Any CPU
		{6A4E3187-D829-410E-B864-3E8AF43D6FAE}.Debug|Any CPU.ActiveCfg = Debug|Any CPU
		{6A4E3187-D829-410E-B864-3E8AF43D6FAE}.Debug|Any CPU.Build.0 = Debug|Any CPU
		{6A4E3187-D829-410E-B864-3E8AF43D6FAE}.Release|Any CPU.ActiveCfg = Release|Any CPU
		{6A4E3187-D829-410E-B864-3E8AF43D6FAE}.Release|Any CPU.Build.0 = Release|Any CPU
		{F8B0C52B-C7F9-4A2A-A971-4C47A2636237}.Debug|Any CPU.ActiveCfg = Debug|Any CPU
		{F8B0C52B-C7F9-4A2A-A971-4C47A2636237}.Debug|Any CPU.Build.0 = Debug|Any CPU
		{F8B0C52B-C7F9-4A2A-A971-4C47A2636237}.Release|Any CPU.ActiveCfg = Release|Any CPU
		{F8B0C52B-C7F9-4A2A-A971-4C47A2636237}.Release|Any CPU.Build.0 = Release|Any CPU
		{2A53D6FE-BEF2-4C1F-80F2-126F3B09144D}.Debug|Any CPU.ActiveCfg = Debug|Any CPU
		{2A53D6FE-BEF2-4C1F-80F2-126F3B09144D}.Debug|Any CPU.Build.0 = Debug|Any CPU
		{2A53D6FE-BEF2-4C1F-80F2-126F3B09144D}.Release|Any CPU.ActiveCfg = Release|Any CPU
		{2A53D6FE-BEF2-4C1F-80F2-126F3B09144D}.Release|Any CPU.Build.0 = Release|Any CPU
		{9661600F-9E2E-EC39-AFA2-64DBC15CE967}.Debug|Any CPU.ActiveCfg = Debug|Any CPU
		{9661600F-9E2E-EC39-AFA2-64DBC15CE967}.Debug|Any CPU.Build.0 = Debug|Any CPU
		{9661600F-9E2E-EC39-AFA2-64DBC15CE967}.Release|Any CPU.ActiveCfg = Release|Any CPU
		{9661600F-9E2E-EC39-AFA2-64DBC15CE967}.Release|Any CPU.Build.0 = Release|Any CPU
		{A51755A8-2DB1-4D7E-86DB-EA4CA60C63DF}.Debug|Any CPU.ActiveCfg = Debug|Any CPU
		{A51755A8-2DB1-4D7E-86DB-EA4CA60C63DF}.Debug|Any CPU.Build.0 = Debug|Any CPU
		{A51755A8-2DB1-4D7E-86DB-EA4CA60C63DF}.Release|Any CPU.ActiveCfg = Release|Any CPU
		{A51755A8-2DB1-4D7E-86DB-EA4CA60C63DF}.Release|Any CPU.Build.0 = Release|Any CPU
		{C99643C5-12BB-4308-9FFC-F30E69F79DA6}.Debug|Any CPU.ActiveCfg = Debug|Any CPU
		{C99643C5-12BB-4308-9FFC-F30E69F79DA6}.Debug|Any CPU.Build.0 = Debug|Any CPU
		{C99643C5-12BB-4308-9FFC-F30E69F79DA6}.Release|Any CPU.ActiveCfg = Release|Any CPU
		{C99643C5-12BB-4308-9FFC-F30E69F79DA6}.Release|Any CPU.Build.0 = Release|Any CPU
		{A6397A64-9AEA-C976-C282-F05046F2AA1C}.Debug|Any CPU.ActiveCfg = Debug|Any CPU
		{A6397A64-9AEA-C976-C282-F05046F2AA1C}.Debug|Any CPU.Build.0 = Debug|Any CPU
		{A6397A64-9AEA-C976-C282-F05046F2AA1C}.Release|Any CPU.ActiveCfg = Release|Any CPU
		{A6397A64-9AEA-C976-C282-F05046F2AA1C}.Release|Any CPU.Build.0 = Release|Any CPU
		{8DC0F14A-AC4F-45C3-9FC0-5C20C40A7C2F}.Debug|Any CPU.ActiveCfg = Debug|Any CPU
		{8DC0F14A-AC4F-45C3-9FC0-5C20C40A7C2F}.Debug|Any CPU.Build.0 = Debug|Any CPU
		{8DC0F14A-AC4F-45C3-9FC0-5C20C40A7C2F}.Release|Any CPU.ActiveCfg = Release|Any CPU
		{8DC0F14A-AC4F-45C3-9FC0-5C20C40A7C2F}.Release|Any CPU.Build.0 = Release|Any CPU
		{40B57525-65E4-49C7-83E1-65474D5D5F24}.Debug|Any CPU.ActiveCfg = Debug|Any CPU
		{40B57525-65E4-49C7-83E1-65474D5D5F24}.Debug|Any CPU.Build.0 = Debug|Any CPU
		{40B57525-65E4-49C7-83E1-65474D5D5F24}.Release|Any CPU.ActiveCfg = Release|Any CPU
		{40B57525-65E4-49C7-83E1-65474D5D5F24}.Release|Any CPU.Build.0 = Release|Any CPU
	EndGlobalSection
	GlobalSection(SolutionProperties) = preSolution
		HideSolutionNode = FALSE
	EndGlobalSection
	GlobalSection(NestedProjects) = preSolution
		{71083A19-0194-4DC9-A5B1-E044E359A1DD} = {DDB4EF12-CC4E-5E88-E6FC-71A802F4DE97}
		{D0F00D84-AD20-C5D6-67FE-85D6CB59A7CE} = {DDB4EF12-CC4E-5E88-E6FC-71A802F4DE97}
		{EB11C1AF-3BBE-9D8B-B13B-CEF382F22312} = {DDB4EF12-CC4E-5E88-E6FC-71A802F4DE97}
		{105A23F8-0C15-4766-931A-0E54C3592FF0} = {1BE419A4-EF62-4706-83F4-D025B6FECAFC}
		{A13DF9C4-2B2B-47F2-AFCC-FB1DB53862DC} = {105A23F8-0C15-4766-931A-0E54C3592FF0}
		{4B5B95DA-4EFB-4347-BB0F-00F59BA95D11} = {D6B10BCB-D324-4E8D-A7C0-CFA6F1B6A09B}
		{D9D49519-9F52-4743-85A5-8E7063EAC98F} = {4B5B95DA-4EFB-4347-BB0F-00F59BA95D11}
		{65421FBE-F797-4ABC-8FB2-70864A82F82A} = {1BE419A4-EF62-4706-83F4-D025B6FECAFC}
		{683ED8A8-6516-42E9-9FDF-A8814700EB98} = {65421FBE-F797-4ABC-8FB2-70864A82F82A}
		{66AAB29B-0BB2-4E41-9F13-2A22E8CF1CDB} = {1BE419A4-EF62-4706-83F4-D025B6FECAFC}
		{D3436AAA-53E0-4954-9332-A2C272E09488} = {66AAB29B-0BB2-4E41-9F13-2A22E8CF1CDB}
		{3CBA3FAE-5C91-422D-AB2A-33CD6FA7EB47} = {66AAB29B-0BB2-4E41-9F13-2A22E8CF1CDB}
		{9973A53F-B3D7-4F1B-8486-AA48C2DDD9AB} = {FD7A0706-279D-457B-BA67-1993E58B81F1}
		{6A4E3187-D829-410E-B864-3E8AF43D6FAE} = {9973A53F-B3D7-4F1B-8486-AA48C2DDD9AB}
		{F8B0C52B-C7F9-4A2A-A971-4C47A2636237} = {9973A53F-B3D7-4F1B-8486-AA48C2DDD9AB}
		{296B2596-F0B7-4187-8EBA-2CECAABC078D} = {FD7A0706-279D-457B-BA67-1993E58B81F1}
		{2A53D6FE-BEF2-4C1F-80F2-126F3B09144D} = {296B2596-F0B7-4187-8EBA-2CECAABC078D}
		{9661600F-9E2E-EC39-AFA2-64DBC15CE967} = {296B2596-F0B7-4187-8EBA-2CECAABC078D}
		{1857E6CD-57F0-4DAA-A1EA-4FF22DCD6421} = {D6B10BCB-D324-4E8D-A7C0-CFA6F1B6A09B}
		{A51755A8-2DB1-4D7E-86DB-EA4CA60C63DF} = {1857E6CD-57F0-4DAA-A1EA-4FF22DCD6421}
		{9426D404-B308-42AA-9432-8344AE63BA06} = {D6B10BCB-D324-4E8D-A7C0-CFA6F1B6A09B}
		{C99643C5-12BB-4308-9FFC-F30E69F79DA6} = {9426D404-B308-42AA-9432-8344AE63BA06}
		{A6397A64-9AEA-C976-C282-F05046F2AA1C} = {9426D404-B308-42AA-9432-8344AE63BA06}
		{6B27ECD1-FF53-481B-95E7-FD2BA8F13E85} = {81D1875F-1730-449F-A40C-570BB6F9BB56}
		{8DC0F14A-AC4F-45C3-9FC0-5C20C40A7C2F} = {6B27ECD1-FF53-481B-95E7-FD2BA8F13E85}
		{0AB609CE-12AE-4070-98A4-76054F1BA805} = {81D1875F-1730-449F-A40C-570BB6F9BB56}
		{40B57525-65E4-49C7-83E1-65474D5D5F24} = {0AB609CE-12AE-4070-98A4-76054F1BA805}
	EndGlobalSection
	GlobalSection(ExtensibilityGlobals) = postSolution
		SolutionGuid = {A6DA9312-344C-4D18-B8C0-D563311D08F4}
	EndGlobalSection
EndGlobal
