
Microsoft Visual Studio Solution File, Format Version 12.00
# Visual Studio Version 17
VisualStudioVersion = 17.14.36623.8
MinimumVisualStudioVersion = 10.0.40219.1
Project("{2150E333-8FDC-42A3-9474-1A3956D46DE8}") = "Chapter00", "Chapter00", "{DDB4EF12-CC4E-5E88-E6FC-71A802F4DE97}"
EndProject
Project("{FAE04EC0-301F-11D3-BF4B-00C04F79EFBC}") = "Sample0416", "Chapter00\Sample0416\Sample0416.csproj", "{71083A19-0194-4DC9-A5B1-E044E359A1DD}"
EndProject
Project("{FAE04EC0-301F-11D3-BF4B-00C04F79EFBC}") = "Sample0415", "Chapter00\Sample0415\Sample0415\Sample0415.csproj", "{D0F00D84-AD20-C5D6-67FE-85D6CB59A7CE}"
EndProject
Project("{FAE04EC0-301F-11D3-BF4B-00C04F79EFBC}") = "Sample0413", "Chapter00\Sample0413\Sample0413\Sample0413.csproj", "{EB11C1AF-3BBE-9D8B-B13B-CEF382F22312}"
EndProject
Project("{2150E333-8FDC-42A3-9474-1A3956D46DE8}") = "Chapter01", "Chapter01", "{8B1DCE08-C9E9-4B3D-BDEF-B8C9BCA111BE}"
EndProject
Project("{2150E333-8FDC-42A3-9474-1A3956D46DE8}") = "Chapter02", "Chapter02", "{1BE419A4-EF62-4706-83F4-D025B6FECAFC}"
EndProject
Project("{2150E333-8FDC-42A3-9474-1A3956D46DE8}") = "距離換算プログラム", "距離換算プログラム", "{105A23F8-0C15-4766-931A-0E54C3592FF0}"
EndProject
Project("{FAE04EC0-301F-11D3-BF4B-00C04F79EFBC}") = "DistanceConverter", "Chapter02\距離換算プログラム\DistanceConverter\DistanceConverter.csproj", "{A13DF9C4-2B2B-47F2-AFCC-FB1DB53862DC}"
EndProject
Project("{2150E333-8FDC-42A3-9474-1A3956D46DE8}") = "Chapter04", "Chapter04", "{D6B10BCB-D324-4E8D-A7C0-CFA6F1B6A09B}"
EndProject
Project("{2150E333-8FDC-42A3-9474-1A3956D46DE8}") = "P108_文字列を数値に変換", "P108_文字列を数値に変換", "{4B5B95DA-4EFB-4347-BB0F-00F59BA95D11}"
EndProject
Project("{FAE04EC0-301F-11D3-BF4B-00C04F79EFBC}") = "Code4_36", "Chapter04\文字列を数値に変換する\Code4_36\Code4_36.csproj", "{D9D49519-9F52-4743-85A5-8E7063EAC98F}"
EndProject
Project("{2150E333-8FDC-42A3-9474-1A3956D46DE8}") = "売上集計プログラム", "売上集計プログラム", "{65421FBE-F797-4ABC-8FB2-70864A82F82A}"
EndProject
Project("{FAE04EC0-301F-11D3-BF4B-00C04F79EFBC}") = "SalesCalculator", "Chapter02\売上集計プログラム\SalesCalculator\SalesCalculator.csproj", "{683ED8A8-6516-42E9-9FDF-A8814700EB98}"
EndProject
Global
	GlobalSection(SolutionConfigurationPlatforms) = preSolution
		Debug|Any CPU = Debug|Any CPU
		Release|Any CPU = Release|Any CPU
	EndGlobalSection
	GlobalSection(ProjectConfigurationPlatforms) = postSolution
		{71083A19-0194-4DC9-A5B1-E044E359A1DD}.Debug|Any CPU.ActiveCfg = Debug|Any CPU
		{71083A19-0194-4DC9-A5B1-E044E359A1DD}.Debug|Any CPU.Build.0 = Debug|Any CPU
		{71083A19-0194-4DC9-A5B1-E044E359A1DD}.Release|Any CPU.ActiveCfg = Release|Any CPU
		{71083A19-0194-4DC9-A5B1-E044E359A1DD}.Release|Any CPU.Build.0 = Release|Any CPU
		{D0F00D84-AD20-C5D6-67FE-85D6CB59A7CE}.Debug|Any CPU.ActiveCfg = Debug|Any CPU
		{D0F00D84-AD20-C5D6-67FE-85D6CB59A7CE}.Debug|Any CPU.Build.0 = Debug|Any CPU
		{D0F00D84-AD20-C5D6-67FE-85D6CB59A7CE}.Release|Any CPU.ActiveCfg = Release|Any CPU
		{D0F00D84-AD20-C5D6-67FE-85D6CB59A7CE}.Release|Any CPU.Build.0 = Release|Any CPU
		{EB11C1AF-3BBE-9D8B-B13B-CEF382F22312}.Debug|Any CPU.ActiveCfg = Debug|Any CPU
		{EB11C1AF-3BBE-9D8B-B13B-CEF382F22312}.Debug|Any CPU.Build.0 = Debug|Any CPU
		{EB11C1AF-3BBE-9D8B-B13B-CEF382F22312}.Release|Any CPU.ActiveCfg = Release|Any CPU
		{EB11C1AF-3BBE-9D8B-B13B-CEF382F22312}.Release|Any CPU.Build.0 = Release|Any CPU
		{A13DF9C4-2B2B-47F2-AFCC-FB1DB53862DC}.Debug|Any CPU.ActiveCfg = Debug|Any CPU
		{A13DF9C4-2B2B-47F2-AFCC-FB1DB53862DC}.Debug|Any CPU.Build.0 = Debug|Any CPU
		{A13DF9C4-2B2B-47F2-AFCC-FB1DB53862DC}.Release|Any CPU.ActiveCfg = Release|Any CPU
		{A13DF9C4-2B2B-47F2-AFCC-FB1DB53862DC}.Release|Any CPU.Build.0 = Release|Any CPU
		{D9D49519-9F52-4743-85A5-8E7063EAC98F}.Debug|Any CPU.ActiveCfg = Debug|Any CPU
		{D9D49519-9F52-4743-85A5-8E7063EAC98F}.Debug|Any CPU.Build.0 = Debug|Any CPU
		{D9D49519-9F52-4743-85A5-8E7063EAC98F}.Release|Any CPU.ActiveCfg = Release|Any CPU
		{D9D49519-9F52-4743-85A5-8E7063EAC98F}.Release|Any CPU.Build.0 = Release|Any CPU
		{683ED8A8-6516-42E9-9FDF-A8814700EB98}.Debug|Any CPU.ActiveCfg = Debug|Any CPU
		{683ED8A8-6516-42E9-9FDF-A8814700EB98}.Debug|Any CPU.Build.0 = Debug|Any CPU
		{683ED8A8-6516-42E9-9FDF-A8814700EB98}.Release|Any CPU.ActiveCfg = Release|Any CPU
		{683ED8A8-6516-42E9-9FDF-A8814700EB98}.Release|Any CPU.Build.0 = Release|Any CPU
	EndGlobalSection
	GlobalSection(SolutionProperties) = preSolution
		HideSolutionNode = FALSE
	EndGlobalSection
	GlobalSection(NestedProjects) = preSolution
		{71083A19-0194-4DC9-A5B1-E044E359A1DD} = {DDB4EF12-CC4E-5E88-E6FC-71A802F4DE97}
		{D0F00D84-AD20-C5D6-67FE-85D6CB59A7CE} = {DDB4EF12-CC4E-5E88-E6FC-71A802F4DE97}
		{EB11C1AF-3BBE-9D8B-B13B-CEF382F22312} = {DDB4EF12-CC4E-5E88-E6FC-71A802F4DE97}
		{105A23F8-0C15-4766-931A-0E54C3592FF0} = {1BE419A4-EF62-4706-83F4-D025B6FECAFC}
		{A13DF9C4-2B2B-47F2-AFCC-FB1DB53862DC} = {105A23F8-0C15-4766-931A-0E54C3592FF0}
		{4B5B95DA-4EFB-4347-BB0F-00F59BA95D11} = {D6B10BCB-D324-4E8D-A7C0-CFA6F1B6A09B}
		{D9D49519-9F52-4743-85A5-8E7063EAC98F} = {4B5B95DA-4EFB-4347-BB0F-00F59BA95D11}
		{65421FBE-F797-4ABC-8FB2-70864A82F82A} = {1BE419A4-EF62-4706-83F4-D025B6FECAFC}
		{683ED8A8-6516-42E9-9FDF-A8814700EB98} = {65421FBE-F797-4ABC-8FB2-70864A82F82A}
	EndGlobalSection
	GlobalSection(ExtensibilityGlobals) = postSolution
		SolutionGuid = {A6DA9312-344C-4D18-B8C0-D563311D08F4}
	EndGlobalSection
EndGlobal
